<?xml version="1.0" encoding="utf-8"?>
<Project xmlns="http://schemas.microsoft.com/developer/msbuild/2003">
  <ItemGroup>
    <Filter Include="Form Files">
      <UniqueIdentifier>{99349809-55BA-4b9d-BF79-8FDBB0286EB3}</UniqueIdentifier>
      <Extensions>ui</Extensions>
      <ParseFiles>false</ParseFiles>
    </Filter>
    <Filter Include="Form Files">
      <UniqueIdentifier>{99349809-55BA-4b9d-BF79-8FDBB0286EB3}</UniqueIdentifier>
      <Extensions>ui</Extensions>
      <ParseFiles>false</ParseFiles>
    </Filter>
    <Filter Include="Generated Files">
      <UniqueIdentifier>{71ED8ED8-ACB9-4CE9-BBE1-E00B30144E11}</UniqueIdentifier>
      <Extensions>cpp;c;cxx;moc;h;def;odl;idl;res;</Extensions>
    </Filter>
    <Filter Include="Generated Files">
      <UniqueIdentifier>{71ED8ED8-ACB9-4CE9-BBE1-E00B30144E11}</UniqueIdentifier>
      <Extensions>cpp;c;cxx;moc;h;def;odl;idl;res;</Extensions>
    </Filter>
    <Filter Include="Header Files">
      <UniqueIdentifier>{93995380-89BD-4b04-88EB-625FBE52EBFB}</UniqueIdentifier>
      <Extensions>h;hpp;hxx;hm;inl;inc;xsd</Extensions>
    </Filter>
    <Filter Include="Resource Files">
      <UniqueIdentifier>{D9D6E242-F8AF-46E4-B9FD-80ECBC20BA3E}</UniqueIdentifier>
      <Extensions>qrc;*</Extensions>
      <ParseFiles>false</ParseFiles>
    </Filter>
    <Filter Include="Resource Files">
      <UniqueIdentifier>{D9D6E242-F8AF-46E4-B9FD-80ECBC20BA3E}</UniqueIdentifier>
      <Extensions>qrc;*</Extensions>
      <ParseFiles>false</ParseFiles>
    </Filter>
    <Filter Include="Source Files">
      <UniqueIdentifier>{4FC737F1-C7A5-4376-A066-2A32D752A2FF}</UniqueIdentifier>
      <Extensions>cpp;c;cxx;def;odl;idl;hpj;bat;asm;asmx</Extensions>
    </Filter>
    <Filter Include="Source Files">
      <UniqueIdentifier>{4FC737F1-C7A5-4376-A066-2A32D752A2FF}</UniqueIdentifier>
      <Extensions>cpp;c;cxx;def;odl;idl;hpj;bat;asm;asmx</Extensions>
    </Filter>
    <Filter Include="Header Files">
      <UniqueIdentifier>{93995380-89BD-4b04-88EB-625FBE52EBFB}</UniqueIdentifier>
      <Extensions>h;hpp;hxx;hm;inl;inc;xsd</Extensions>
    </Filter>
  </ItemGroup>
  <ItemGroup>
    <ClCompile Include="MyGraphicsCircleItem.cpp">
      <Filter>Source Files</Filter>
    </ClCompile>
    <ClCompile Include="MyGraphicsEllipseItem.cpp">
      <Filter>Source Files</Filter>
    </ClCompile>
    <ClCompile Include="MyGraphicsRecItem.cpp">
      <Filter>Source Files</Filter>
    </ClCompile>
    <ClCompile Include="MyGraphicsScene.cpp">
      <Filter>Source Files</Filter>
    </ClCompile>
    <ClCompile Include="MyGraphicsView.cpp">
      <Filter>Source Files</Filter>
    </ClCompile>
    <ClCompile Include="MyKedu.cpp">
      <Filter>Source Files</Filter>
    </ClCompile>
    <ClCompile Include="MyMianArea.cpp">
      <Filter>Source Files</Filter>
    </ClCompile>
    <ClCompile Include="MygraphicsLinePre.cpp">
      <Filter>Source Files</Filter>
    </ClCompile>
    <ClCompile Include="MyleftKedu.cpp">
      <Filter>Source Files</Filter>
    </ClCompile>
    <ClCompile Include="main.cpp">
      <Filter>Source Files</Filter>
    </ClCompile>
    <ClCompile Include="mainWindow.cpp">
      <Filter>Source Files</Filter>
    </ClCompile>
  </ItemGroup>
  <ItemGroup>
    <ClInclude Include="CUDrvE.h">
      <Filter>Header Files</Filter>
    </ClInclude>
    <ClInclude Include="MyGraphicsCircleItem.h">
      <Filter>Header Files</Filter>
    </ClInclude>
    <ClInclude Include="MyGraphicsEllipseItem.h">
      <Filter>Header Files</Filter>
    </ClInclude>
    <ClInclude Include="MyGraphicsRecItem.h">
      <Filter>Header Files</Filter>
    </ClInclude>
    <QtMoc Include="MyGraphicsScene.h">
      <Filter>Header Files</Filter>
    </QtMoc>
    <QtMoc Include="MyGraphicsView.h">
      <Filter>Header Files</Filter>
    </QtMoc>
    <ClInclude Include="MyKedu.h">
      <Filter>Header Files</Filter>
    </ClInclude>
    <ClInclude Include="MyMianArea.h">
      <Filter>Header Files</Filter>
    </ClInclude>
    <ClInclude Include="MygraphicsLinePre.h">
      <Filter>Header Files</Filter>
    </ClInclude>
    <ClInclude Include="MyleftKedu.h">
      <Filter>Header Files</Filter>
    </ClInclude>
    <QtMoc Include="mainWindow.h">
      <Filter>Header Files</Filter>
    </QtMoc>
  </ItemGroup>
  <ItemGroup>
    <ClCompile Include="GeneratedFiles\moc_MyGraphicsScene.cpp">
      <Filter>Generated Files</Filter>
    </ClCompile>
    <ClCompile Include="GeneratedFiles\moc_MyGraphicsView.cpp">
      <Filter>Generated Files</Filter>
    </ClCompile>
    <ClCompile Include="GeneratedFiles\moc_mainWindow.cpp">
      <Filter>Generated Files</Filter>
    </ClCompile>
    <CustomBuild Include="GeneratedFiles\moc_predefs.h.cbt">
      <Filter>Generated Files</Filter>
    </CustomBuild>
  </ItemGroup>
  <ItemGroup>
    <QtUic Include="mainWindow.ui">
      <Filter>Form Files</Filter>
    </QtUic>
  </ItemGroup>
  <ItemGroup>
    <None Include="Res\Circle.png">
      <Filter>Resource Files</Filter>
    </None>
    <None Include="Res\Ellipse.png">
      <Filter>Resource Files</Filter>
    </None>
    <None Include="Res\Font.png">
      <Filter>Resource Files</Filter>
    </None>
    <None Include="Res\Line.png">
      <Filter>Resource Files</Filter>
    </None>
    <None Include="Res\Rectangle.png">
      <Filter>Resource Files</Filter>
    </None>
    <None Include="Res\RegularPolygon.png">
      <Filter>Resource Files</Filter>
    </None>
    <None Include="Res\Select-origin.png">
      <Filter>Resource Files</Filter>
    </None>
    <None Include="Res\Select.png">
      <Filter>Resource Files</Filter>
    </None>
    <QtRcc Include="mainWindow.qrc">
      <Filter>Resource Files</Filter>
    </QtRcc>
  </ItemGroup>
  <ItemGroup>
    <Library Include="libs\CUDrvE.lib">
      <Filter>Source Files</Filter>
    </Library>
  </ItemGroup>
</Project>